
Microsoft Visual Studio Solution File, Format Version 12.00
# Visual Studio 15
VisualStudioVersion = 15.0.28307.168
MinimumVisualStudioVersion = 10.0.40219.1
Project("{FAE04EC0-301F-11D3-BF4B-00C04F79EFBC}") = "PerkPopUp", "PerkPopUp\PerkPopUp.csproj", "{BA24CC7D-C26D-48C9-9C32-33C7F3F324D0}"
EndProject
Global
	GlobalSection(SolutionConfigurationPlatforms) = preSolution
		Debug|Any CPU = Debug|Any CPU
		Release|Any CPU = Release|Any CPU
	EndGlobalSection
	GlobalSection(ProjectConfigurationPlatforms) = postSolution
		{BA24CC7D-C26D-48C9-9C32-33C7F3F324D0}.Debug|Any CPU.ActiveCfg = Debug|Any CPU
		{BA24CC7D-C26D-48C9-9C32-33C7F3F324D0}.Debug|Any CPU.Build.0 = Debug|Any CPU
		{BA24CC7D-C26D-48C9-9C32-33C7F3F324D0}.Release|Any CPU.ActiveCfg = Release|Any CPU
		{BA24CC7D-C26D-48C9-9C32-33C7F3F324D0}.Release|Any CPU.Build.0 = Release|Any CPU
	EndGlobalSection
	GlobalSection(SolutionProperties) = preSolution
		HideSolutionNode = FALSE
	EndGlobalSection
	GlobalSection(ExtensibilityGlobals) = postSolution
		SolutionGuid = {7074EA9F-A4A8-449E-BE3A-AAFDD2BC77E6}
	EndGlobalSection
EndGlobal
